Microsoft Visual Studio Solution File, Format Version 12.00
# Visual Studio Version 18
VisualStudioVersion = 18.3.11527.330 d18.3
MinimumVisualStudioVersion = 10.0.40219.1
Project("{9A19103F-16F7-4668-BE54-9A1E7A4F7556}") = "AnglerAssociate", "AnglerAssociate.csproj", "{06A2C8F6-B57F-45CE-BF49-4A69A37745E0}"
EndProject
Global
	GlobalSection(SolutionConfigurationPlatforms) = preSolution
		Debug|Any CPU = Debug|Any CPU
		Release|Any CPU = Release|Any CPU
	EndGlobalSection
	GlobalSection(ProjectConfigurationPlatforms) = postSolution
		{06A2C8F6-B57F-45CE-BF49-4A69A37745E0}.Debug|Any CPU.ActiveCfg = Debug|Any CPU
		{06A2C8F6-B57F-45CE-BF49-4A69A37745E0}.Debug|Any CPU.Build.0 = Debug|Any CPU
		{06A2C8F6-B57F-45CE-BF49-4A69A37745E0}.Release|Any CPU.ActiveCfg = Release|Any CPU
		{06A2C8F6-B57F-45CE-BF49-4A69A37745E0}.Release|Any CPU.Build.0 = Release|Any CPU
	EndGlobalSection
	GlobalSection(SolutionProperties) = preSolution
		HideSolutionNode = FALSE
	EndGlobalSection
	GlobalSection(ExtensibilityGlobals) = postSolution
		SolutionGuid = {3455C6C4-8573-4CEE-88EC-91EA3E33ABFC}
	EndGlobalSection
EndGlobal